PODS:
  - ClubKit (1.0.32):
    - RealmSwift (~> 5.4)
    - SKTCapture (~> 1.2)
  - Realm (5.4.1):
    - Realm/Headers (= 5.4.1)
  - Realm/Headers (5.4.1)
  - RealmSwift (5.4.1):
    - Realm (= 5.4.1)
  - SKTCapture (1.2.53)

DEPENDENCIES:
  - ClubKit (from `../`)
  - RealmSwift (~> 5.4)
  - SKTCapture (~> 1.2)

SPEC REPOS:
  trunk:
    - Realm
    - RealmSwift
    - SKTCapture

EXTERNAL SOURCES:
  ClubKit:
    :path: "../"

SPEC CHECKSUMS:
  ClubKit: a070b75116208db4911508e1f6744babdfd60b91
  Realm: 7e887608ef1de2d0c3a33dd9b1449e08fc9d9807
  RealmSwift: ef998d9b678fd74e047c56ef4d99d9b77e87c1eb
  SKTCapture: 234210f5c9caf57ed86feb0bd6d6eee305ce1c8a

PODFILE CHECKSUM: c8d40e3c3c860f046fde206a41a12ce78ca52bef

COCOAPODS: 1.9.1
