PODS:
  - ClubKit (0.1.0):
    - RealmSwift (~> 4.4)
    - SKTCapture (~> 1.2)
  - Realm (4.4.1):
    - Realm/Headers (= 4.4.1)
  - Realm/Headers (4.4.1)
  - RealmSwift (4.4.1):
    - Realm (= 4.4.1)
  - SKTCapture (1.2.36)

DEPENDENCIES:
  - ClubKit (from `../`)
  - RealmSwift (~> 4.4)
  - SKTCapture (~> 1.2)

SPEC REPOS:
  trunk:
    - Realm
    - RealmSwift
    - SKTCapture

EXTERNAL SOURCES:
  ClubKit:
    :path: "../"

SPEC CHECKSUMS:
  ClubKit: 5d84b009f6c5cd313f10625bee822c7bbcebf4a9
  Realm: 4eb04d7487bd43c0581256f40b424eafb711deff
  RealmSwift: 3eb8924ff7100df5928c7602f71d0fec51e7c9c5
  SKTCapture: 49e42fab5b272728a7b275831598af4a6fca379a

PODFILE CHECKSUM: 0cc24274834117f8d15d585e04cbe324a8a0a218

COCOAPODS: 1.9.1
